// !$*UTF8*$!
{
	archiveVersion = 1;
	classes = {
	};
	objectVersion = 46;
	objects = {

/* Begin PBXBuildFile section */
		DF1ADA231F3CEA3A00305156 /* SettingsViewController.swift in Sources */ = {isa = PBXBuildFile; fileRef = DF1ADA221F3CEA3A00305156 /* SettingsViewController.swift */; };
		DF1ADA251F3CFACE00305156 /* SuggestionsViewController.swift in Sources */ = {isa = PBXBuildFile; fileRef = DF1ADA241F3CFACE00305156 /* SuggestionsViewController.swift */; };
		DF1ADA291F3D0A2500305156 /* TipViewController.swift in Sources */ = {isa = PBXBuildFile; fileRef = DF1ADA281F3D0A2500305156 /* TipViewController.swift */; };
		DFBC44161F3CD59C00B03DA7 /* AppDelegate.swift in Sources */ = {isa = PBXBuildFile; fileRef = DFBC44151F3CD59C00B03DA7 /* AppDelegate.swift */; };
		DFBC44181F3CD59C00B03DA7 /* ViewController.swift in Sources */ = {isa = PBXBuildFile; fileRef = DFBC44171F3CD59C00B03DA7 /* ViewController.swift */; };
		DFBC441B1F3CD59C00B03DA7 /* Main.storyboard in Resources */ = {isa = PBXBuildFile; fileRef = DFBC44191F3CD59C00B03DA7 /* Main.storyboard */; };
		DFBC441D1F3CD59C00B03DA7 /* Assets.xcassets in Resources */ = {isa = PBXBuildFile; fileRef = DFBC441C1F3CD59C00B03DA7 /* Assets.xcassets */; };
		DFBC44201F3CD59C00B03DA7 /* LaunchScreen.storyboard in Resources */ = {isa = PBXBuildFile; fileRef = DFBC441E1F3CD59C00B03DA7 /* LaunchScreen.storyboard */; };
		DFBC442B1F3CD59C00B03DA7 /* TippyTests.swift in Sources */ = {isa = PBXBuildFile; fileRef = DFBC442A1F3CD59C00B03DA7 /* TippyTests.swift */; };
		DFBC44361F3CD59C00B03DA7 /* TippyUITests.swift in Sources */ = {isa = PBXBuildFile; fileRef = DFBC44351F3CD59C00B03DA7 /* TippyUITests.swift */; };
/* End PBXBuildFile section */

/* Begin PBXContainerItemProxy section */
		DFBC44271F3CD59C00B03DA7 /* PBXContainerItemProxy */ = {
			isa = PBXContainerItemProxy;
			containerPortal = DFBC440A1F3CD59C00B03DA7 /* Project object */;
			proxyType = 1;
			remoteGlobalIDString = DFBC44111F3CD59C00B03DA7;
			remoteInfo = Tippy;
		};
		DFBC44321F3CD59C00B03DA7 /* PBXContainerItemProxy */ = {
			isa = PBXContainerItemProxy;
			containerPortal = DFBC440A1F3CD59C00B03DA7 /* Project object */;
			proxyType = 1;
			remoteGlobalIDString = DFBC44111F3CD59C00B03DA7;
			remoteInfo = Tippy;
		};
/* End PBXContainerItemProxy section */

/* Begin PBXFileReference section */
		DF1ADA221F3CEA3A00305156 /* SettingsViewController.swift */ = {isa = PBXFileReference; fileEncoding = 4; lastKnownFileType = sourcecode.swift; path = SettingsViewController.swift; sourceTree = "<group>"; };
		DF1ADA241F3CFACE00305156 /* SuggestionsViewController.swift */ = {isa = PBXFileReference; fileEncoding = 4; lastKnownFileType = sourcecode.swift; path = SuggestionsViewController.swift; sourceTree = "<group>"; };
		DF1ADA281F3D0A2500305156 /* TipViewController.swift */ = {isa = PBXFileReference; fileEncoding = 4; lastKnownFileType = sourcecode.swift; path = TipViewController.swift; sourceTree = "<group>"; };
		DFBC44121F3CD59C00B03DA7 /* Tippy.app */ = {isa = PBXFileReference; explicitFileType = wrapper.application; includeInIndex = 0; path = Tippy.app; sourceTree = BUILT_PRODUCTS_DIR; };
		DFBC44151F3CD59C00B03DA7 /* AppDelegate.swift */ = {isa = PBXFileReference; lastKnownFileType = sourcecode.swift; path = AppDelegate.swift; sourceTree = "<group>"; };
		DFBC44171F3CD59C00B03DA7 /* ViewController.swift */ = {isa = PBXFileReference; lastKnownFileType = sourcecode.swift; path = ViewController.swift; sourceTree = "<group>"; };
		DFBC441A1F3CD59C00B03DA7 /* Base */ = {isa = PBXFileReference; lastKnownFileType = file.storyboard; name = Base; path = Base.lproj/Main.storyboard; sourceTree = "<group>"; };
		DFBC441C1F3CD59C00B03DA7 /* Assets.xcassets */ = {isa = PBXFileReference; lastKnownFileType = folder.assetcatalog; path = Assets.xcassets; sourceTree = "<group>"; };
		DFBC441F1F3CD59C00B03DA7 /* Base */ = {isa = PBXFileReference; lastKnownFileType = file.storyboard; name = Base; path = Base.lproj/LaunchScreen.storyboard; sourceTree = "<group>"; };
		DFBC44211F3CD59C00B03DA7 /* Info.plist */ = {isa = PBXFileReference; lastKnownFileType = text.plist.xml; path = Info.plist; sourceTree = "<group>"; };
		DFBC44261F3CD59C00B03DA7 /* TippyTests.xctest */ = {isa = PBXFileReference; explicitFileType = wrapper.cfbundle; includeInIndex = 0; path = TippyTests.xctest; sourceTree = BUILT_PRODUCTS_DIR; };
		DFBC442A1F3CD59C00B03DA7 /* TippyTests.swift */ = {isa = PBXFileReference; lastKnownFileType = sourcecode.swift; path = TippyTests.swift; sourceTree = "<group>"; };
		DFBC442C1F3CD59C00B03DA7 /* Info.plist */ = {isa = PBXFileReference; lastKnownFileType = text.plist.xml; path = Info.plist; sourceTree = "<group>"; };
		DFBC44311F3CD59C00B03DA7 /* TippyUITests.xctest */ = {isa = PBXFileReference; explicitFileType = wrapper.cfbundle; includeInIndex = 0; path = TippyUITests.xctest; sourceTree = BUILT_PRODUCTS_DIR; };
		DFBC44351F3CD59C00B03DA7 /* TippyUITests.swift */ = {isa = PBXFileReference; lastKnownFileType = sourcecode.swift; path = TippyUITests.swift; sourceTree = "<group>"; };
		DFBC44371F3CD59C00B03DA7 /* Info.plist */ = {isa = PBXFileReference; lastKnownFileType = text.plist.xml; path = Info.plist; sourceTree = "<group>"; };
/* End PBXFileReference section */

/* Begin PBXFrameworksBuildPhase section */
		DFBC440F1F3CD59C00B03DA7 /* Frameworks */ = {
			isa = PBXFrameworksBuildPhase;
			buildActionMask = 2147483647;
			files = (
			);
			runOnlyForDeploymentPostprocessing = 0;
		};
		DFBC44231F3CD59C00B03DA7 /* Frameworks */ = {
			isa = PBXFrameworksBuildPhase;
			buildActionMask = 2147483647;
			files = (
			);
			runOnlyForDeploymentPostprocessing = 0;
		};
		DFBC442E1F3CD59C00B03DA7 /* Frameworks */ = {
			isa = PBXFrameworksBuildPhase;
			buildActionMask = 2147483647;
			files = (
			);
			runOnlyForDeploymentPostprocessing = 0;
		};
/* End PBXFrameworksBuildPhase section */

/* Begin PBXGroup section */
		DFBC44091F3CD59C00B03DA7 = {
			isa = PBXGroup;
			children = (
				DFBC44141F3CD59C00B03DA7 /* Tippy */,
				DFBC44291F3CD59C00B03DA7 /* TippyTests */,
				DFBC44341F3CD59C00B03DA7 /* TippyUITests */,
				DFBC44131F3CD59C00B03DA7 /* Products */,
			);
			sourceTree = "<group>";
		};
		DFBC44131F3CD59C00B03DA7 /* Products */ = {
			isa = PBXGroup;
			children = (
				DFBC44121F3CD59C00B03DA7 /* Tippy.app */,
				DFBC44261F3CD59C00B03DA7 /* TippyTests.xctest */,
				DFBC44311F3CD59C00B03DA7 /* TippyUITests.xctest */,
			);
			name = Products;
			sourceTree = "<group>";
		};
		DFBC44141F3CD59C00B03DA7 /* Tippy */ = {
			isa = PBXGroup;
			children = (
				DFBC44151F3CD59C00B03DA7 /* AppDelegate.swift */,
				DF1ADA221F3CEA3A00305156 /* SettingsViewController.swift */,
				DF1ADA241F3CFACE00305156 /* SuggestionsViewController.swift */,
				DF1ADA281F3D0A2500305156 /* TipViewController.swift */,
				DFBC44171F3CD59C00B03DA7 /* ViewController.swift */,
				DFBC44191F3CD59C00B03DA7 /* Main.storyboard */,
				DFBC441C1F3CD59C00B03DA7 /* Assets.xcassets */,
				DFBC441E1F3CD59C00B03DA7 /* LaunchScreen.storyboard */,
				DFBC44211F3CD59C00B03DA7 /* Info.plist */,
			);
			path = Tippy;
			sourceTree = "<group>";
		};
		DFBC44291F3CD59C00B03DA7 /* TippyTests */ = {
			isa = PBXGroup;
			children = (
				DFBC442A1F3CD59C00B03DA7 /* TippyTests.swift */,
				DFBC442C1F3CD59C00B03DA7 /* Info.plist */,
			);
			path = TippyTests;
			sourceTree = "<group>";
		};
		DFBC44341F3CD59C00B03DA7 /* TippyUITests */ = {
			isa = PBXGroup;
			children = (
				DFBC44351F3CD59C00B03DA7 /* TippyUITests.swift */,
				DFBC44371F3CD59C00B03DA7 /* Info.plist */,
			);
			path = TippyUITests;
			sourceTree = "<group>";
		};
/* End PBXGroup section */

/* Begin PBXNativeTarget section */
		DFBC44111F3CD59C00B03DA7 /* Tippy */ = {
			isa = PBXNativeTarget;
			buildConfigurationList = DFBC443A1F3CD59C00B03DA7 /* Build configuration list for PBXNativeTarget "Tippy" */;
			buildPhases = (
				DFBC440E1F3CD59C00B03DA7 /* Sources */,
				DFBC440F1F3CD59C00B03DA7 /* Frameworks */,
				DFBC44101F3CD59C00B03DA7 /* Resources */,
			);
			buildRules = (
			);
			dependencies = (
			);
			name = Tippy;
			productName = Tippy;
			productReference = DFBC44121F3CD59C00B03DA7 /* Tippy.app */;
			productType = "com.apple.product-type.application";
		};
		DFBC44251F3CD59C00B03DA7 /* TippyTests */ = {
			isa = PBXNativeTarget;
			buildConfigurationList = DFBC443D1F3CD59C00B03DA7 /* Build configuration list for PBXNativeTarget "TippyTests" */;
			buildPhases = (
				DFBC44221F3CD59C00B03DA7 /* Sources */,
				DFBC44231F3CD59C00B03DA7 /* Frameworks */,
				DFBC44241F3CD59C00B03DA7 /* Resources */,
			);
			buildRules = (
			);
			dependencies = (
				DFBC44281F3CD59C00B03DA7 /* PBXTargetDependency */,
			);
			name = TippyTests;
			productName = TippyTests;
			productReference = DFBC44261F3CD59C00B03DA7 /* TippyTests.xctest */;
			productType = "com.apple.product-type.bundle.unit-test";
		};
		DFBC44301F3CD59C00B03DA7 /* TippyUITests */ = {
			isa = PBXNativeTarget;
			buildConfigurationList = DFBC44401F3CD59C00B03DA7 /* Build configuration list for PBXNativeTarget "TippyUITests" */;
			buildPhases = (
				DFBC442D1F3CD59C00B03DA7 /* Sources */,
				DFBC442E1F3CD59C00B03DA7 /* Frameworks */,
				DFBC442F1F3CD59C00B03DA7 /* Resources */,
			);
			buildRules = (
			);
			dependencies = (
				DFBC44331F3CD59C00B03DA7 /* PBXTargetDependency */,
			);
			name = TippyUITests;
			productName = TippyUITests;
			productReference = DFBC44311F3CD59C00B03DA7 /* TippyUITests.xctest */;
			productType = "com.apple.product-type.bundle.ui-testing";
		};
/* End PBXNativeTarget section */

/* Begin PBXProject section */
		DFBC440A1F3CD59C00B03DA7 /* Project object */ = {
			isa = PBXProject;
			attributes = {
				LastSwiftUpdateCheck = 0830;
				LastUpgradeCheck = 0830;
				ORGANIZATIONNAME = "Diana Fisher";
				TargetAttributes = {
					DFBC44111F3CD59C00B03DA7 = {
						CreatedOnToolsVersion = 8.3.3;
						DevelopmentTeam = 8F2PWFTJG8;
						ProvisioningStyle = Automatic;
					};
					DFBC44251F3CD59C00B03DA7 = {
						CreatedOnToolsVersion = 8.3.3;
						DevelopmentTeam = 8F2PWFTJG8;
						ProvisioningStyle = Automatic;
						TestTargetID = DFBC44111F3CD59C00B03DA7;
					};
					DFBC44301F3CD59C00B03DA7 = {
						CreatedOnToolsVersion = 8.3.3;
						DevelopmentTeam = 8F2PWFTJG8;
						ProvisioningStyle = Automatic;
						TestTargetID = DFBC44111F3CD59C00B03DA7;
					};
				};
			};
			buildConfigurationList = DFBC440D1F3CD59C00B03DA7 /* Build configuration list for PBXProject "Tippy" */;
			compatibilityVersion = "Xcode 3.2";
			developmentRegion = English;
			hasScannedForEncodings = 0;
			knownRegions = (
				en,
				Base,
			);
			mainGroup = DFBC44091F3CD59C00B03DA7;
			productRefGroup = DFBC44131F3CD59C00B03DA7 /* Products */;
			projectDirPath = "";
			projectRoot = "";
			targets = (
				DFBC44111F3CD59C00B03DA7 /* Tippy */,
				DFBC44251F3CD59C00B03DA7 /* TippyTests */,
				DFBC44301F3CD59C00B03DA7 /* TippyUITests */,
			);
		};
/* End PBXProject section */

/* Begin PBXResourcesBuildPhase section */
		DFBC44101F3CD59C00B03DA7 /* Resources */ = {
			isa = PBXResourcesBuildPhase;
			buildActionMask = 2147483647;
			files = (
				DFBC44201F3CD59C00B03DA7 /* LaunchScreen.storyboard in Resources */,
				DFBC441D1F3CD59C00B03DA7 /* Assets.xcassets in Resources */,
				DFBC441B1F3CD59C00B03DA7 /* Main.storyboard in Resources */,
			);
			runOnlyForDeploymentPostprocessing = 0;
		};
		DFBC44241F3CD59C00B03DA7 /* Resources */ = {
			isa = PBXResourcesBuildPhase;
			buildActionMask = 2147483647;
			files = (
			);
			runOnlyForDeploymentPostprocessing = 0;
		};
		DFBC442F1F3CD59C00B03DA7 /* Resources */ = {
			isa = PBXResourcesBuildPhase;
			buildActionMask = 2147483647;
			files = (
			);
			runOnlyForDeploymentPostprocessing = 0;
		};
/* End PBXResourcesBuildPhase section */

/* Begin PBXSourcesBuildPhase section */
		DFBC440E1F3CD59C00B03DA7 /* Sources */ = {
			isa = PBXSourcesBuildPhase;
			buildActionMask = 2147483647;
			files = (
				DF1ADA251F3CFACE00305156 /* SuggestionsViewController.swift in Sources */,
				DFBC44181F3CD59C00B03DA7 /* ViewController.swift in Sources */,
				DFBC44161F3CD59C00B03DA7 /* AppDelegate.swift in Sources */,
				DF1ADA291F3D0A2500305156 /* TipViewController.swift in Sources */,
				DF1ADA231F3CEA3A00305156 /* SettingsViewController.swift in Sources */,
			);
			runOnlyForDeploymentPostprocessing = 0;
		};
		DFBC44221F3CD59C00B03DA7 /* Sources */ = {
			isa = PBXSourcesBuildPhase;
			buildActionMask = 2147483647;
			files = (
				DFBC442B1F3CD59C00B03DA7 /* TippyTests.swift in Sources */,
			);
			runOnlyForDeploymentPostprocessing = 0;
		};
		DFBC442D1F3CD59C00B03DA7 /* Sources */ = {
			isa = PBXSourcesBuildPhase;
			buildActionMask = 2147483647;
			files = (
				DFBC44361F3CD59C00B03DA7 /* TippyUITests.swift in Sources */,
			);
			runOnlyForDeploymentPostprocessing = 0;
		};
/* End PBXSourcesBuildPhase section */

/* Begin PBXTargetDependency section */
		DFBC44281F3CD59C00B03DA7 /* PBXTargetDependency */ = {
			isa = PBXTargetDependency;
			target = DFBC44111F3CD59C00B03DA7 /* Tippy */;
			targetProxy = DFBC44271F3CD59C00B03DA7 /* PBXContainerItemProxy */;
		};
		DFBC44331F3CD59C00B03DA7 /* PBXTargetDependency */ = {
			isa = PBXTargetDependency;
			target = DFBC44111F3CD59C00B03DA7 /* Tippy */;
			targetProxy = DFBC44321F3CD59C00B03DA7 /* PBXContainerItemProxy */;
		};
/* End PBXTargetDependency section */

/* Begin PBXVariantGroup section */
		DFBC44191F3CD59C00B03DA7 /* Main.storyboard */ = {
			isa = PBXVariantGroup;
			children = (
				DFBC441A1F3CD59C00B03DA7 /* Base */,
			);
			name = Main.storyboard;
			sourceTree = "<group>";
		};
		DFBC441E1F3CD59C00B03DA7 /* LaunchScreen.storyboard */ = {
			isa = PBXVariantGroup;
			children = (
				DFBC441F1F3CD59C00B03DA7 /* Base */,
			);
			name = LaunchScreen.storyboard;
			sourceTree = "<group>";
		};
/* End PBXVariantGroup section */

/* Begin XCBuildConfiguration section */
		DFBC44381F3CD59C00B03DA7 /* Debug */ = {
			isa = XCBuildConfiguration;
			buildSettings = {
				ALWAYS_SEARCH_USER_PATHS = NO;
				CLANG_ANALYZER_NONNULL = YES;
				CLANG_ANALYZER_NUMBER_OBJECT_CONVERSION = YES_AGGRESSIVE;
				CLANG_CXX_LANGUAGE_STANDARD = "gnu++0x";
				CLANG_CXX_LIBRARY = "libc++";
				CLANG_ENABLE_MODULES = YES;
				CLANG_ENABLE_OBJC_ARC = YES;
				CLANG_WARN_BOOL_CONVERSION = YES;
				CLANG_WARN_CONSTANT_CONVERSION = YES;
				CLANG_WARN_DIRECT_OBJC_ISA_USAGE = YES_ERROR;
				CLANG_WARN_DOCUMENTATION_COMMENTS = YES;
				CLANG_WARN_EMPTY_BODY = YES;
				CLANG_WARN_ENUM_CONVERSION = YES;
				CLANG_WARN_INFINITE_RECURSION = YES;
				CLANG_WARN_INT_CONVERSION = YES;
				CLANG_WARN_OBJC_ROOT_CLASS = YES_ERROR;
				CLANG_WARN_SUSPICIOUS_MOVE = YES;
				CLANG_WARN_UNREACHABLE_CODE = YES;
				CLANG_WARN__DUPLICATE_METHOD_MATCH = YES;
				"CODE_SIGN_IDENTITY[sdk=iphoneos*]" = "iPhone Developer";
				COPY_PHASE_STRIP = NO;
				DEBUG_INFORMATION_FORMAT = dwarf;
				ENABLE_STRICT_OBJC_MSGSEND = YES;
				ENABLE_TESTABILITY = YES;
				GCC_C_LANGUAGE_STANDARD = gnu99;
				GCC_DYNAMIC_NO_PIC = NO;
				GCC_NO_COMMON_BLOCKS = YES;
				GCC_OPTIMIZATION_LEVEL = 0;
				GCC_PREPROCESSOR_DEFINITIONS = (
					"DEBUG=1",
					"$(inherited)",
				);
				GCC_WARN_64_TO_32_BIT_CONVERSION = YES;
				GCC_WARN_ABOUT_RETURN_TYPE = YES_ERROR;
				GCC_WARN_UNDECLARED_SELECTOR = YES;
				GCC_WARN_UNINITIALIZED_AUTOS = YES_AGGRESSIVE;
				GCC_WARN_UNUSED_FUNCTION = YES;
				GCC_WARN_UNUSED_VARIABLE = YES;
				IPHONEOS_DEPLOYMENT_TARGET = 10.3;
				MTL_ENABLE_DEBUG_INFO = YES;
				ONLY_ACTIVE_ARCH = YES;
				SDKROOT = iphoneos;
				SWIFT_ACTIVE_COMPILATION_CONDITIONS = DEBUG;
				SWIFT_OPTIMIZATION_LEVEL = "-Onone";
			};
			name = Debug;
		};
		DFBC44391F3CD59C00B03DA7 /* Release */ = {
			isa = XCBuildConfiguration;
			buildSettings = {
				ALWAYS_SEARCH_USER_PATHS = NO;
				CLANG_ANALYZER_NONNULL = YES;
				CLANG_ANALYZER_NUMBER_OBJECT_CONVERSION = YES_AGGRESSIVE;
				CLANG_CXX_LANGUAGE_STANDARD = "gnu++0x";
				CLANG_CXX_LIBRARY = "libc++";
				CLANG_ENABLE_MODULES = YES;
				CLANG_ENABLE_OBJC_ARC = YES;
				CLANG_WARN_BOOL_CONVERSION = YES;
				CLANG_WARN_CONSTANT_CONVERSION = YES;
				CLANG_WARN_DIRECT_OBJC_ISA_USAGE = YES_ERROR;
				CLANG_WARN_DOCUMENTATION_COMMENTS = YES;
				CLANG_WARN_EMPTY_BODY = YES;
				CLANG_WARN_ENUM_CONVERSION = YES;
				CLANG_WARN_INFINITE_RECURSION = YES;
				CLANG_WARN_INT_CONVERSION = YES;
				CLANG_WARN_OBJC_ROOT_CLASS = YES_ERROR;
				CLANG_WARN_SUSPICIOUS_MOVE = YES;
				CLANG_WARN_UNREACHABLE_CODE = YES;
				CLANG_WARN__DUPLICATE_METHOD_MATCH = YES;
				"CODE_SIGN_IDENTITY[sdk=iphoneos*]" = "iPhone Developer";
				COPY_PHASE_STRIP = NO;
				DEBUG_INFORMATION_FORMAT = "dwarf-with-dsym";
				ENABLE_NS_ASSERTIONS = NO;
				ENABLE_STRICT_OBJC_MSGSEND = YES;
				GCC_C_LANGUAGE_STANDARD = gnu99;
				GCC_NO_COMMON_BLOCKS = YES;
				GCC_WARN_64_TO_32_BIT_CONVERSION = YES;
				GCC_WARN_ABOUT_RETURN_TYPE = YES_ERROR;
				GCC_WARN_UNDECLARED_SELECTOR = YES;
				GCC_WARN_UNINITIALIZED_AUTOS = YES_AGGRESSIVE;
				GCC_WARN_UNUSED_FUNCTION = YES;
				GCC_WARN_UNUSED_VARIABLE = YES;
				IPHONEOS_DEPLOYMENT_TARGET = 10.3;
				MTL_ENABLE_DEBUG_INFO = NO;
				SDKROOT = iphoneos;
				SWIFT_OPTIMIZATION_LEVEL = "-Owholemodule";
				VALIDATE_PRODUCT = YES;
			};
			name = Release;
		};
		DFBC443B1F3CD59C00B03DA7 /* Debug */ = {
			isa = XCBuildConfiguration;
			buildSettings = {
				ASSETCATALOG_COMPILER_APPICON_NAME = AppIcon;
				DEBUG_ACTIVITY_MODE = "";
				"DEBUG_ACTIVITY_MODE[sdk=iphonesimulator*]" = disable;
				DEVELOPMENT_TEAM = 8F2PWFTJG8;
				INFOPLIST_FILE = Tippy/Info.plist;
				LD_RUNPATH_SEARCH_PATHS = "$(inherited) @executable_path/Frameworks";
				PRODUCT_BUNDLE_IDENTIFIER = "com.diana-fisher.Tippy";
				PRODUCT_NAME = "$(TARGET_NAME)";
				SWIFT_VERSION = 3.0;
			};
			name = Debug;
		};
		DFBC443C1F3CD59C00B03DA7 /* Release */ = {
			isa = XCBuildConfiguration;
			buildSettings = {
				ASSETCATALOG_COMPILER_APPICON_NAME = AppIcon;
				DEBUG_ACTIVITY_MODE = "";
				DEVELOPMENT_TEAM = 8F2PWFTJG8;
				INFOPLIST_FILE = Tippy/Info.plist;
				LD_RUNPATH_SEARCH_PATHS = "$(inherited) @executable_path/Frameworks";
				PRODUCT_BUNDLE_IDENTIFIER = "com.diana-fisher.Tippy";
				PRODUCT_NAME = "$(TARGET_NAME)";
				SWIFT_VERSION = 3.0;
			};
			name = Release;
		};
		DFBC443E1F3CD59C00B03DA7 /* Debug */ = {
			isa = XCBuildConfiguration;
			buildSettings = {
				ALWAYS_EMBED_SWIFT_STANDARD_LIBRARIES = YES;
				BUNDLE_LOADER = "$(TEST_HOST)";
				DEVELOPMENT_TEAM = 8F2PWFTJG8;
				INFOPLIST_FILE = TippyTests/Info.plist;
				LD_RUNPATH_SEARCH_PATHS = "$(inherited) @executable_path/Frameworks @loader_path/Frameworks";
				PRODUCT_BUNDLE_IDENTIFIER = "com.diana-fisher.TippyTests";
				PRODUCT_NAME = "$(TARGET_NAME)";
				SWIFT_VERSION = 3.0;
				TEST_HOST = "$(BUILT_PRODUCTS_DIR)/Tippy.app/Tippy";
			};
			name = Debug;
		};
		DFBC443F1F3CD59C00B03DA7 /* Release */ = {
			isa = XCBuildConfiguration;
			buildSettings = {
				ALWAYS_EMBED_SWIFT_STANDARD_LIBRARIES = YES;
				BUNDLE_LOADER = "$(TEST_HOST)";
				DEVELOPMENT_TEAM = 8F2PWFTJG8;
				INFOPLIST_FILE = TippyTests/Info.plist;
				LD_RUNPATH_SEARCH_PATHS = "$(inherited) @executable_path/Frameworks @loader_path/Frameworks";
				PRODUCT_BUNDLE_IDENTIFIER = "com.diana-fisher.TippyTests";
				PRODUCT_NAME = "$(TARGET_NAME)";
				SWIFT_VERSION = 3.0;
				TEST_HOST = "$(BUILT_PRODUCTS_DIR)/Tippy.app/Tippy";
			};
			name = Release;
		};
		DFBC44411F3CD59C00B03DA7 /* Debug */ = {
			isa = XCBuildConfiguration;
			buildSettings = {
				ALWAYS_EMBED_SWIFT_STANDARD_LIBRARIES = YES;
				DEVELOPMENT_TEAM = 8F2PWFTJG8;
				INFOPLIST_FILE = TippyUITests/Info.plist;
				LD_RUNPATH_SEARCH_PATHS = "$(inherited) @executable_path/Frameworks @loader_path/Frameworks";
				PRODUCT_BUNDLE_IDENTIFIER = "com.diana-fisher.TippyUITests";
				PRODUCT_NAME = "$(TARGET_NAME)";
				SWIFT_VERSION = 3.0;
				TEST_TARGET_NAME = Tippy;
			};
			name = Debug;
		};
		DFBC44421F3CD59C00B03DA7 /* Release */ = {
			isa = XCBuildConfiguration;
			buildSettings = {
				ALWAYS_EMBED_SWIFT_STANDARD_LIBRARIES = YES;
				DEVELOPMENT_TEAM = 8F2PWFTJG8;
				INFOPLIST_FILE = TippyUITests/Info.plist;
				LD_RUNPATH_SEARCH_PATHS = "$(inherited) @executable_path/Frameworks @loader_path/Frameworks";
				PRODUCT_BUNDLE_IDENTIFIER = "com.diana-fisher.TippyUITests";
				PRODUCT_NAME = "$(TARGET_NAME)";
				SWIFT_VERSION = 3.0;
				TEST_TARGET_NAME = Tippy;
			};
			name = Release;
		};
/* End XCBuildConfiguration section */

/* Begin XCConfigurationList section */
		DFBC440D1F3CD59C00B03DA7 /* Build configuration list for PBXProject "Tippy" */ = {
			isa = XCConfigurationList;
			buildConfigurations = (
				DFBC44381F3CD59C00B03DA7 /* Debug */,
				DFBC44391F3CD59C00B03DA7 /* Release */,
			);
			defaultConfigurationIsVisible = 0;
			defaultConfigurationName = Release;
		};
		DFBC443A1F3CD59C00B03DA7 /* Build configuration list for PBXNativeTarget "Tippy" */ = {
			isa = XCConfigurationList;
			buildConfigurations = (
				DFBC443B1F3CD59C00B03DA7 /* Debug */,
				DFBC443C1F3CD59C00B03DA7 /* Release */,
			);
			defaultConfigurationIsVisible = 0;
			defaultConfigurationName = Release;
		};
		DFBC443D1F3CD59C00B03DA7 /* Build configuration list for PBXNativeTarget "TippyTests" */ = {
			isa = XCConfigurationList;
			buildConfigurations = (
				DFBC443E1F3CD59C00B03DA7 /* Debug */,
				DFBC443F1F3CD59C00B03DA7 /* Release */,
			);
			defaultConfigurationIsVisible = 0;
			defaultConfigurationName = Release;
		};
		DFBC44401F3CD59C00B03DA7 /* Build configuration list for PBXNativeTarget "TippyUITests" */ = {
			isa = XCConfigurationList;
			buildConfigurations = (
				DFBC44411F3CD59C00B03DA7 /* Debug */,
				DFBC44421F3CD59C00B03DA7 /* Release */,
			);
			defaultConfigurationIsVisible = 0;
			defaultConfigurationName = Release;
		};
/* End XCConfigurationList section */
	};
	rootObject = DFBC440A1F3CD59C00B03DA7 /* Project object */;
}
